
Microsoft Visual Studio Solution File, Format Version 12.00
# Visual Studio Version 16
VisualStudioVersion = 16.0.30503.244
MinimumVisualStudioVersion = 10.0.40219.1
Project("{888888A0-9F3D-457C-B088-3A5042F75D52}") = "Progect14", "Progect14\Progect14.pyproj", "{8B476526-B48B-46E3-8FA6-7C916F4F15DD}"
EndProject
Global
	GlobalSection(SolutionConfigurationPlatforms) = preSolution
		Debug|Any CPU = Debug|Any CPU
		Release|Any CPU = Release|Any CPU
	EndGlobalSection
	GlobalSection(ProjectConfigurationPlatforms) = postSolution
		{8B476526-B48B-46E3-8FA6-7C916F4F15DD}.Debug|Any CPU.ActiveCfg = Debug|Any CPU
		{8B476526-B48B-46E3-8FA6-7C916F4F15DD}.Release|Any CPU.ActiveCfg = Release|Any CPU
	EndGlobalSection
	GlobalSection(SolutionProperties) = preSolution
		HideSolutionNode = FALSE
	EndGlobalSection
	GlobalSection(ExtensibilityGlobals) = postSolution
		SolutionGuid = {FD78057D-5F13-4C09-9361-B8BD0F44BB9B}
	EndGlobalSection
EndGlobal
