
Microsoft Visual Studio Solution File, Format Version 12.00
# Visual Studio Version 16
VisualStudioVersion = 16.0.30503.244
MinimumVisualStudioVersion = 10.0.40219.1
Project("{888888A0-9F3D-457C-B088-3A5042F75D52}") = "Progect12", "Progect12\Progect12.pyproj", "{4A200295-C4E2-41BA-B8C2-992D14D916FE}"
EndProject
Global
	GlobalSection(SolutionConfigurationPlatforms) = preSolution
		Debug|Any CPU = Debug|Any CPU
		Release|Any CPU = Release|Any CPU
	EndGlobalSection
	GlobalSection(ProjectConfigurationPlatforms) = postSolution
		{4A200295-C4E2-41BA-B8C2-992D14D916FE}.Debug|Any CPU.ActiveCfg = Debug|Any CPU
		{4A200295-C4E2-41BA-B8C2-992D14D916FE}.Release|Any CPU.ActiveCfg = Release|Any CPU
	EndGlobalSection
	GlobalSection(SolutionProperties) = preSolution
		HideSolutionNode = FALSE
	EndGlobalSection
	GlobalSection(ExtensibilityGlobals) = postSolution
		SolutionGuid = {97EC2C09-163A-4784-9D3E-0921AE39C456}
	EndGlobalSection
EndGlobal
